// !$*UTF8*$!
{
	archiveVersion = 1;
	classes = {
	};
	objectVersion = 46;
	objects = {

/* Begin PBXBuildFile section */
		7E1CBAD715834EB800D4F4A3 /* Foundation.framework in Frameworks */ = {isa = PBXBuildFile; fileRef = 7E1CBAD615834EB800D4F4A3 /* Foundation.framework */; };
		7E1CBADD15834EB800D4F4A3 /* uriparser.m in Sources */ = {isa = PBXBuildFile; fileRef = 7E1CBADC15834EB800D4F4A3 /* uriparser.m */; };
		7E1CBAE515834EB800D4F4A3 /* SenTestingKit.framework in Frameworks */ = {isa = PBXBuildFile; fileRef = 7E1CBAE415834EB800D4F4A3 /* SenTestingKit.framework */; };
		7E1CBAE715834EB800D4F4A3 /* UIKit.framework in Frameworks */ = {isa = PBXBuildFile; fileRef = 7E1CBAE615834EB800D4F4A3 /* UIKit.framework */; };
		7E1CBAE815834EB800D4F4A3 /* Foundation.framework in Frameworks */ = {isa = PBXBuildFile; fileRef = 7E1CBAD615834EB800D4F4A3 /* Foundation.framework */; };
		7E1CBAEB15834EB800D4F4A3 /* liburiparser.a in Frameworks */ = {isa = PBXBuildFile; fileRef = 7E1CBAD315834EB800D4F4A3 /* liburiparser.a */; };
		7E1CBAF115834EB800D4F4A3 /* InfoPlist.strings in Resources */ = {isa = PBXBuildFile; fileRef = 7E1CBAEF15834EB800D4F4A3 /* InfoPlist.strings */; };
		7E1CBAF415834EB800D4F4A3 /* uriparserTests.m in Sources */ = {isa = PBXBuildFile; fileRef = 7E1CBAF315834EB800D4F4A3 /* uriparserTests.m */; };
/* End PBXBuildFile section */

/* Begin PBXContainerItemProxy section */
		7E1CBAE915834EB800D4F4A3 /* PBXContainerItemProxy */ = {
			isa = PBXContainerItemProxy;
			containerPortal = 7E1CBACA15834EB800D4F4A3 /* Project object */;
			proxyType = 1;
			remoteGlobalIDString = 7E1CBAD215834EB800D4F4A3;
			remoteInfo = uriparser;
		};
/* End PBXContainerItemProxy section */

/* Begin PBXFileReference section */
		7E1CBAD315834EB800D4F4A3 /* liburiparser.a */ = {isa = PBXFileReference; explicitFileType = archive.ar; includeInIndex = 0; path = liburiparser.a; sourceTree = BUILT_PRODUCTS_DIR; };
		7E1CBAD615834EB800D4F4A3 /* Foundation.framework */ = {isa = PBXFileReference; lastKnownFileType = wrapper.framework; name = Foundation.framework; path = System/Library/Frameworks/Foundation.framework; sourceTree = SDKROOT; };
		7E1CBADA15834EB800D4F4A3 /* uriparser-Prefix.pch */ = {isa = PBXFileReference; lastKnownFileType = sourcecode.c.h; path = "uriparser-Prefix.pch"; sourceTree = "<group>"; };
		7E1CBADB15834EB800D4F4A3 /* uriparser.h */ = {isa = PBXFileReference; lastKnownFileType = sourcecode.c.h; path = uriparser.h; sourceTree = "<group>"; };
		7E1CBADC15834EB800D4F4A3 /* uriparser.m */ = {isa = PBXFileReference; lastKnownFileType = sourcecode.c.objc; path = uriparser.m; sourceTree = "<group>"; };
		7E1CBAE315834EB800D4F4A3 /* uriparserTests.octest */ = {isa = PBXFileReference; explicitFileType = wrapper.cfbundle; includeInIndex = 0; path = uriparserTests.octest; sourceTree = BUILT_PRODUCTS_DIR; };
		7E1CBAE415834EB800D4F4A3 /* SenTestingKit.framework */ = {isa = PBXFileReference; lastKnownFileType = wrapper.framework; name = SenTestingKit.framework; path = Library/Frameworks/SenTestingKit.framework; sourceTree = DEVELOPER_DIR; };
		7E1CBAE615834EB800D4F4A3 /* UIKit.framework */ = {isa = PBXFileReference; lastKnownFileType = wrapper.framework; name = UIKit.framework; path = Library/Frameworks/UIKit.framework; sourceTree = DEVELOPER_DIR; };
		7E1CBAEE15834EB800D4F4A3 /* uriparserTests-Info.plist */ = {isa = PBXFileReference; lastKnownFileType = text.plist.xml; path = "uriparserTests-Info.plist"; sourceTree = "<group>"; };
		7E1CBAF015834EB800D4F4A3 /* en */ = {isa = PBXFileReference; lastKnownFileType = text.plist.strings; name = en; path = en.lproj/InfoPlist.strings; sourceTree = "<group>"; };
		7E1CBAF215834EB800D4F4A3 /* uriparserTests.h */ = {isa = PBXFileReference; lastKnownFileType = sourcecode.c.h; path = uriparserTests.h; sourceTree = "<group>"; };
		7E1CBAF315834EB800D4F4A3 /* uriparserTests.m */ = {isa = PBXFileReference; lastKnownFileType = sourcecode.c.objc; path = uriparserTests.m; sourceTree = "<group>"; };
/* End PBXFileReference section */

/* Begin PBXFrameworksBuildPhase section */
		7E1CBAD015834EB800D4F4A3 /* Frameworks */ = {
			isa = PBXFrameworksBuildPhase;
			buildActionMask = 2147483647;
			files = (
				7E1CBAD715834EB800D4F4A3 /* Foundation.framework in Frameworks */,
			);
			runOnlyForDeploymentPostprocessing = 0;
		};
		7E1CBADF15834EB800D4F4A3 /* Frameworks */ = {
			isa = PBXFrameworksBuildPhase;
			buildActionMask = 2147483647;
			files = (
				7E1CBAE515834EB800D4F4A3 /* SenTestingKit.framework in Frameworks */,
				7E1CBAE715834EB800D4F4A3 /* UIKit.framework in Frameworks */,
				7E1CBAE815834EB800D4F4A3 /* Foundation.framework in Frameworks */,
				7E1CBAEB15834EB800D4F4A3 /* liburiparser.a in Frameworks */,
			);
			runOnlyForDeploymentPostprocessing = 0;
		};
/* End PBXFrameworksBuildPhase section */

/* Begin PBXGroup section */
		7E1CBAC815834EB800D4F4A3 = {
			isa = PBXGroup;
			children = (
				7E1CBAD815834EB800D4F4A3 /* uriparser */,
				7E1CBAEC15834EB800D4F4A3 /* uriparserTests */,
				7E1CBAD515834EB800D4F4A3 /* Frameworks */,
				7E1CBAD415834EB800D4F4A3 /* Products */,
			);
			sourceTree = "<group>";
		};
		7E1CBAD415834EB800D4F4A3 /* Products */ = {
			isa = PBXGroup;
			children = (
				7E1CBAD315834EB800D4F4A3 /* liburiparser.a */,
				7E1CBAE315834EB800D4F4A3 /* uriparserTests.octest */,
			);
			name = Products;
			sourceTree = "<group>";
		};
		7E1CBAD515834EB800D4F4A3 /* Frameworks */ = {
			isa = PBXGroup;
			children = (
				7E1CBAD615834EB800D4F4A3 /* Foundation.framework */,
				7E1CBAE415834EB800D4F4A3 /* SenTestingKit.framework */,
				7E1CBAE615834EB800D4F4A3 /* UIKit.framework */,
			);
			name = Frameworks;
			sourceTree = "<group>";
		};
		7E1CBAD815834EB800D4F4A3 /* uriparser */ = {
			isa = PBXGroup;
			children = (
				7E1CBADB15834EB800D4F4A3 /* uriparser.h */,
				7E1CBADC15834EB800D4F4A3 /* uriparser.m */,
				7E1CBAD915834EB800D4F4A3 /* Supporting Files */,
			);
			path = uriparser;
			sourceTree = "<group>";
		};
		7E1CBAD915834EB800D4F4A3 /* Supporting Files */ = {
			isa = PBXGroup;
			children = (
				7E1CBADA15834EB800D4F4A3 /* uriparser-Prefix.pch */,
			);
			name = "Supporting Files";
			sourceTree = "<group>";
		};
		7E1CBAEC15834EB800D4F4A3 /* uriparserTests */ = {
			isa = PBXGroup;
			children = (
				7E1CBAF215834EB800D4F4A3 /* uriparserTests.h */,
				7E1CBAF315834EB800D4F4A3 /* uriparserTests.m */,
				7E1CBAED15834EB800D4F4A3 /* Supporting Files */,
			);
			path = uriparserTests;
			sourceTree = "<group>";
		};
		7E1CBAED15834EB800D4F4A3 /* Supporting Files */ = {
			isa = PBXGroup;
			children = (
				7E1CBAEE15834EB800D4F4A3 /* uriparserTests-Info.plist */,
				7E1CBAEF15834EB800D4F4A3 /* InfoPlist.strings */,
			);
			name = "Supporting Files";
			sourceTree = "<group>";
		};
/* End PBXGroup section */

/* Begin PBXHeadersBuildPhase section */
		7E1CBAD115834EB800D4F4A3 /* Headers */ = {
			isa = PBXHeadersBuildPhase;
			buildActionMask = 2147483647;
			files = (
			);
			runOnlyForDeploymentPostprocessing = 0;
		};
/* End PBXHeadersBuildPhase section */

/* Begin PBXNativeTarget section */
		7E1CBAD215834EB800D4F4A3 /* uriparser */ = {
			isa = PBXNativeTarget;
			buildConfigurationList = 7E1CBAF715834EB800D4F4A3 /* Build configuration list for PBXNativeTarget "uriparser" */;
			buildPhases = (
				7E1CBACF15834EB800D4F4A3 /* Sources */,
				7E1CBAD015834EB800D4F4A3 /* Frameworks */,
				7E1CBAD115834EB800D4F4A3 /* Headers */,
			);
			buildRules = (
			);
			dependencies = (
			);
			name = uriparser;
			productName = uriparser;
			productReference = 7E1CBAD315834EB800D4F4A3 /* liburiparser.a */;
			productType = "com.apple.product-type.library.static";
		};
		7E1CBAE215834EB800D4F4A3 /* uriparserTests */ = {
			isa = PBXNativeTarget;
			buildConfigurationList = 7E1CBAFA15834EB800D4F4A3 /* Build configuration list for PBXNativeTarget "uriparserTests" */;
			buildPhases = (
				7E1CBADE15834EB800D4F4A3 /* Sources */,
				7E1CBADF15834EB800D4F4A3 /* Frameworks */,
				7E1CBAE015834EB800D4F4A3 /* Resources */,
				7E1CBAE115834EB800D4F4A3 /* ShellScript */,
			);
			buildRules = (
			);
			dependencies = (
				7E1CBAEA15834EB800D4F4A3 /* PBXTargetDependency */,
			);
			name = uriparserTests;
			productName = uriparserTests;
			productReference = 7E1CBAE315834EB800D4F4A3 /* uriparserTests.octest */;
			productType = "com.apple.product-type.bundle";
		};
/* End PBXNativeTarget section */

/* Begin PBXProject section */
		7E1CBACA15834EB800D4F4A3 /* Project object */ = {
			isa = PBXProject;
			attributes = {
				LastUpgradeCheck = 0430;
				ORGANIZATIONNAME = "Embedded Sources";
			};
			buildConfigurationList = 7E1CBACD15834EB800D4F4A3 /* Build configuration list for PBXProject "uriparser" */;
			compatibilityVersion = "Xcode 3.2";
			developmentRegion = English;
			hasScannedForEncodings = 0;
			knownRegions = (
				en,
			);
			mainGroup = 7E1CBAC815834EB800D4F4A3;
			productRefGroup = 7E1CBAD415834EB800D4F4A3 /* Products */;
			projectDirPath = "";
			projectRoot = "";
			targets = (
				7E1CBAD215834EB800D4F4A3 /* uriparser */,
				7E1CBAE215834EB800D4F4A3 /* uriparserTests */,
			);
		};
/* End PBXProject section */

/* Begin PBXResourcesBuildPhase section */
		7E1CBAE015834EB800D4F4A3 /* Resources */ = {
			isa = PBXResourcesBuildPhase;
			buildActionMask = 2147483647;
			files = (
				7E1CBAF115834EB800D4F4A3 /* InfoPlist.strings in Resources */,
			);
			runOnlyForDeploymentPostprocessing = 0;
		};
/* End PBXResourcesBuildPhase section */

/* Begin PBXShellScriptBuildPhase section */
		7E1CBAE115834EB800D4F4A3 /* ShellScript */ = {
			isa = PBXShellScriptBuildPhase;
			buildActionMask = 2147483647;
			files = (
			);
			inputPaths = (
			);
			outputPaths = (
			);
			runOnlyForDeploymentPostprocessing = 0;
			shellPath = /bin/sh;
			shellScript = "# Run the unit tests in this test bundle.\n\"${SYSTEM_DEVELOPER_DIR}/Tools/RunUnitTests\"\n";
		};
/* End PBXShellScriptBuildPhase section */

/* Begin PBXSourcesBuildPhase section */
		7E1CBACF15834EB800D4F4A3 /* Sources */ = {
			isa = PBXSourcesBuildPhase;
			buildActionMask = 2147483647;
			files = (
				7E1CBADD15834EB800D4F4A3 /* uriparser.m in Sources */,
			);
			runOnlyForDeploymentPostprocessing = 0;
		};
		7E1CBADE15834EB800D4F4A3 /* Sources */ = {
			isa = PBXSourcesBuildPhase;
			buildActionMask = 2147483647;
			files = (
				7E1CBAF415834EB800D4F4A3 /* uriparserTests.m in Sources */,
			);
			runOnlyForDeploymentPostprocessing = 0;
		};
/* End PBXSourcesBuildPhase section */

/* Begin PBXTargetDependency section */
		7E1CBAEA15834EB800D4F4A3 /* PBXTargetDependency */ = {
			isa = PBXTargetDependency;
			target = 7E1CBAD215834EB800D4F4A3 /* uriparser */;
			targetProxy = 7E1CBAE915834EB800D4F4A3 /* PBXContainerItemProxy */;
		};
/* End PBXTargetDependency section */

/* Begin PBXVariantGroup section */
		7E1CBAEF15834EB800D4F4A3 /* InfoPlist.strings */ = {
			isa = PBXVariantGroup;
			children = (
				7E1CBAF015834EB800D4F4A3 /* en */,
			);
			name = InfoPlist.strings;
			sourceTree = "<group>";
		};
/* End PBXVariantGroup section */

/* Begin XCBuildConfiguration section */
		7E1CBAF515834EB800D4F4A3 /* Debug */ = {
			isa = XCBuildConfiguration;
			buildSettings = {
				ALWAYS_SEARCH_USER_PATHS = NO;
				ARCHS = "$(ARCHS_STANDARD_32_BIT)";
				CLANG_ENABLE_OBJC_ARC = YES;
				COPY_PHASE_STRIP = NO;
				GCC_C_LANGUAGE_STANDARD = gnu99;
				GCC_DYNAMIC_NO_PIC = NO;
				GCC_OPTIMIZATION_LEVEL = 0;
				GCC_PREPROCESSOR_DEFINITIONS = (
					"DEBUG=1",
					"$(inherited)",
				);
				GCC_SYMBOLS_PRIVATE_EXTERN = NO;
				GCC_VERSION = com.apple.compilers.llvm.clang.1_0;
				GCC_WARN_ABOUT_RETURN_TYPE = YES;
				GCC_WARN_UNINITIALIZED_AUTOS = YES;
				GCC_WARN_UNUSED_VARIABLE = YES;
				IPHONEOS_DEPLOYMENT_TARGET = 5.1;
				SDKROOT = iphoneos;
			};
			name = Debug;
		};
		7E1CBAF615834EB800D4F4A3 /* Release */ = {
			isa = XCBuildConfiguration;
			buildSettings = {
				ALWAYS_SEARCH_USER_PATHS = NO;
				ARCHS = "$(ARCHS_STANDARD_32_BIT)";
				CLANG_ENABLE_OBJC_ARC = YES;
				COPY_PHASE_STRIP = YES;
				GCC_C_LANGUAGE_STANDARD = gnu99;
				GCC_VERSION = com.apple.compilers.llvm.clang.1_0;
				GCC_WARN_ABOUT_RETURN_TYPE = YES;
				GCC_WARN_UNINITIALIZED_AUTOS = YES;
				GCC_WARN_UNUSED_VARIABLE = YES;
				IPHONEOS_DEPLOYMENT_TARGET = 5.1;
				SDKROOT = iphoneos;
				VALIDATE_PRODUCT = YES;
			};
			name = Release;
		};
		7E1CBAF815834EB800D4F4A3 /* Debug */ = {
			isa = XCBuildConfiguration;
			buildSettings = {
				DSTROOT = /tmp/uriparser.dst;
				GCC_PRECOMPILE_PREFIX_HEADER = YES;
				GCC_PREFIX_HEADER = "uriparser/uriparser-Prefix.pch";
				OTHER_LDFLAGS = "-ObjC";
				PRODUCT_NAME = "$(TARGET_NAME)";
				SKIP_INSTALL = YES;
			};
			name = Debug;
		};
		7E1CBAF915834EB800D4F4A3 /* Release */ = {
			isa = XCBuildConfiguration;
			buildSettings = {
				DSTROOT = /tmp/uriparser.dst;
				GCC_PRECOMPILE_PREFIX_HEADER = YES;
				GCC_PREFIX_HEADER = "uriparser/uriparser-Prefix.pch";
				OTHER_LDFLAGS = "-ObjC";
				PRODUCT_NAME = "$(TARGET_NAME)";
				SKIP_INSTALL = YES;
			};
			name = Release;
		};
		7E1CBAFB15834EB800D4F4A3 /* Debug */ = {
			isa = XCBuildConfiguration;
			buildSettings = {
				FRAMEWORK_SEARCH_PATHS = (
					"$(SDKROOT)/Developer/Library/Frameworks",
					"$(DEVELOPER_LIBRARY_DIR)/Frameworks",
				);
				GCC_PRECOMPILE_PREFIX_HEADER = YES;
				GCC_PREFIX_HEADER = "uriparser/uriparser-Prefix.pch";
				INFOPLIST_FILE = "uriparserTests/uriparserTests-Info.plist";
				PRODUCT_NAME = "$(TARGET_NAME)";
				WRAPPER_EXTENSION = octest;
			};
			name = Debug;
		};
		7E1CBAFC15834EB800D4F4A3 /* Release */ = {
			isa = XCBuildConfiguration;
			buildSettings = {
				FRAMEWORK_SEARCH_PATHS = (
					"$(SDKROOT)/Developer/Library/Frameworks",
					"$(DEVELOPER_LIBRARY_DIR)/Frameworks",
				);
				GCC_PRECOMPILE_PREFIX_HEADER = YES;
				GCC_PREFIX_HEADER = "uriparser/uriparser-Prefix.pch";
				INFOPLIST_FILE = "uriparserTests/uriparserTests-Info.plist";
				PRODUCT_NAME = "$(TARGET_NAME)";
				WRAPPER_EXTENSION = octest;
			};
			name = Release;
		};
/* End XCBuildConfiguration section */

/* Begin XCConfigurationList section */
		7E1CBACD15834EB800D4F4A3 /* Build configuration list for PBXProject "uriparser" */ = {
			isa = XCConfigurationList;
			buildConfigurations = (
				7E1CBAF515834EB800D4F4A3 /* Debug */,
				7E1CBAF615834EB800D4F4A3 /* Release */,
			);
			defaultConfigurationIsVisible = 0;
			defaultConfigurationName = Release;
		};
		7E1CBAF715834EB800D4F4A3 /* Build configuration list for PBXNativeTarget "uriparser" */ = {
			isa = XCConfigurationList;
			buildConfigurations = (
				7E1CBAF815834EB800D4F4A3 /* Debug */,
				7E1CBAF915834EB800D4F4A3 /* Release */,
			);
			defaultConfigurationIsVisible = 0;
		};
		7E1CBAFA15834EB800D4F4A3 /* Build configuration list for PBXNativeTarget "uriparserTests" */ = {
			isa = XCConfigurationList;
			buildConfigurations = (
				7E1CBAFB15834EB800D4F4A3 /* Debug */,
				7E1CBAFC15834EB800D4F4A3 /* Release */,
			);
			defaultConfigurationIsVisible = 0;
		};
/* End XCConfigurationList section */
	};
	rootObject = 7E1CBACA15834EB800D4F4A3 /* Project object */;
}
